
Microsoft Visual Studio Solution File, Format Version 12.00
# Visual Studio Version 16
VisualStudioVersion = 16.0.29609.76
MinimumVisualStudioVersion = 10.0.40219.1
Project("{FAE04EC0-301F-11D3-BF4B-00C04F79EFBC}") = "SuperMercadoOnline", "SuperMercadoOnline\SuperMercadoOnline.csproj", "{78837AD0-C490-4575-82A2-ADDFCCBBAC3A}"
EndProject
Project("{FAE04EC0-301F-11D3-BF4B-00C04F79EFBC}") = "DataAccess", "DataAccess\DataAccess.csproj", "{D07C1E8D-1A89-49DA-BEFC-364A70317827}"
EndProject
Project("{FAE04EC0-301F-11D3-BF4B-00C04F79EFBC}") = "DataLogic", "DataLogic\DataLogic.csproj", "{C56F87D6-541B-424C-9C72-401C072AFDF6}"
EndProject
Global
	GlobalSection(SolutionConfigurationPlatforms) = preSolution
		Debug|Any CPU = Debug|Any CPU
		Release|Any CPU = Release|Any CPU
	EndGlobalSection
	GlobalSection(ProjectConfigurationPlatforms) = postSolution
		{78837AD0-C490-4575-82A2-ADDFCCBBAC3A}.Debug|Any CPU.ActiveCfg = Debug|Any CPU
		{78837AD0-C490-4575-82A2-ADDFCCBBAC3A}.Debug|Any CPU.Build.0 = Debug|Any CPU
		{78837AD0-C490-4575-82A2-ADDFCCBBAC3A}.Release|Any CPU.ActiveCfg = Release|Any CPU
		{78837AD0-C490-4575-82A2-ADDFCCBBAC3A}.Release|Any CPU.Build.0 = Release|Any CPU
		{D07C1E8D-1A89-49DA-BEFC-364A70317827}.Debug|Any CPU.ActiveCfg = Debug|Any CPU
		{D07C1E8D-1A89-49DA-BEFC-364A70317827}.Debug|Any CPU.Build.0 = Debug|Any CPU
		{D07C1E8D-1A89-49DA-BEFC-364A70317827}.Release|Any CPU.ActiveCfg = Release|Any CPU
		{D07C1E8D-1A89-49DA-BEFC-364A70317827}.Release|Any CPU.Build.0 = Release|Any CPU
		{C56F87D6-541B-424C-9C72-401C072AFDF6}.Debug|Any CPU.ActiveCfg = Debug|Any CPU
		{C56F87D6-541B-424C-9C72-401C072AFDF6}.Debug|Any CPU.Build.0 = Debug|Any CPU
		{C56F87D6-541B-424C-9C72-401C072AFDF6}.Release|Any CPU.ActiveCfg = Release|Any CPU
		{C56F87D6-541B-424C-9C72-401C072AFDF6}.Release|Any CPU.Build.0 = Release|Any CPU
	EndGlobalSection
	GlobalSection(SolutionProperties) = preSolution
		HideSolutionNode = FALSE
	EndGlobalSection
	GlobalSection(ExtensibilityGlobals) = postSolution
		SolutionGuid = {30E77B95-8E14-4208-B729-5175D649727D}
	EndGlobalSection
EndGlobal
